
Microsoft Visual Studio Solution File, Format Version 12.00
# Visual Studio Version 16
VisualStudioVersion = 16.0.30309.148
MinimumVisualStudioVersion = 10.0.40219.1
Project("{FAE04EC0-301F-11D3-BF4B-00C04F79EFBC}") = "MyMCBBS", "MyMCBBS\MyMCBBS.csproj", "{E0D77F07-C9CD-450B-923F-0B552ECC4E30}"
EndProject
Project("{FAE04EC0-301F-11D3-BF4B-00C04F79EFBC}") = "MyMCBBS.Test", "MyMCBBS.Test\MyMCBBS.Test.csproj", "{E8C919C9-DA4E-4E76-A5EF-69D78852D120}"
EndProject
Project("{FAE04EC0-301F-11D3-BF4B-00C04F79EFBC}") = "MyMCBBS.Updater", "MyMCBBS.Updater\MyMCBBS.Updater.csproj", "{D2E41CD1-D9E6-4EFE-9A08-5CA30BBE014B}"
EndProject
Global
	GlobalSection(SolutionConfigurationPlatforms) = preSolution
		Debug|Any CPU = Debug|Any CPU
		Release|Any CPU = Release|Any CPU
	EndGlobalSection
	GlobalSection(ProjectConfigurationPlatforms) = postSolution
		{E0D77F07-C9CD-450B-923F-0B552ECC4E30}.Debug|Any CPU.ActiveCfg = Debug|Any CPU
		{E0D77F07-C9CD-450B-923F-0B552ECC4E30}.Debug|Any CPU.Build.0 = Debug|Any CPU
		{E0D77F07-C9CD-450B-923F-0B552ECC4E30}.Release|Any CPU.ActiveCfg = Release|Any CPU
		{E0D77F07-C9CD-450B-923F-0B552ECC4E30}.Release|Any CPU.Build.0 = Release|Any CPU
		{E8C919C9-DA4E-4E76-A5EF-69D78852D120}.Debug|Any CPU.ActiveCfg = Debug|Any CPU
		{E8C919C9-DA4E-4E76-A5EF-69D78852D120}.Debug|Any CPU.Build.0 = Debug|Any CPU
		{E8C919C9-DA4E-4E76-A5EF-69D78852D120}.Release|Any CPU.ActiveCfg = Release|Any CPU
		{E8C919C9-DA4E-4E76-A5EF-69D78852D120}.Release|Any CPU.Build.0 = Release|Any CPU
		{D2E41CD1-D9E6-4EFE-9A08-5CA30BBE014B}.Debug|Any CPU.ActiveCfg = Debug|Any CPU
		{D2E41CD1-D9E6-4EFE-9A08-5CA30BBE014B}.Debug|Any CPU.Build.0 = Debug|Any CPU
		{D2E41CD1-D9E6-4EFE-9A08-5CA30BBE014B}.Release|Any CPU.ActiveCfg = Release|Any CPU
		{D2E41CD1-D9E6-4EFE-9A08-5CA30BBE014B}.Release|Any CPU.Build.0 = Release|Any CPU
	EndGlobalSection
	GlobalSection(SolutionProperties) = preSolution
		HideSolutionNode = FALSE
	EndGlobalSection
	GlobalSection(ExtensibilityGlobals) = postSolution
		SolutionGuid = {154BFBB2-4263-42C7-983A-CC53AA2B4E9F}
	EndGlobalSection
EndGlobal
